
Microsoft Visual Studio Solution File, Format Version 12.00
# Visual Studio Version 17
VisualStudioVersion = 17.14.37111.16
MinimumVisualStudioVersion = 10.0.40219.1
Project("{FAE04EC0-301F-11D3-BF4B-00C04F79EFBC}") = "interface", "interface.csproj", "{FEE32AFC-F7E8-44E6-AD4E-367899B46F1A}"
EndProject
Global
	GlobalSection(SolutionConfigurationPlatforms) = preSolution
		Debug|Any CPU = Debug|Any CPU
		Release|Any CPU = Release|Any CPU
	EndGlobalSection
	GlobalSection(ProjectConfigurationPlatforms) = postSolution
		{FEE32AFC-F7E8-44E6-AD4E-367899B46F1A}.Debug|Any CPU.ActiveCfg = Debug|Any CPU
		{FEE32AFC-F7E8-44E6-AD4E-367899B46F1A}.Debug|Any CPU.Build.0 = Debug|Any CPU
		{FEE32AFC-F7E8-44E6-AD4E-367899B46F1A}.Release|Any CPU.ActiveCfg = Release|Any CPU
		{FEE32AFC-F7E8-44E6-AD4E-367899B46F1A}.Release|Any CPU.Build.0 = Release|Any CPU
	EndGlobalSection
	GlobalSection(SolutionProperties) = preSolution
		HideSolutionNode = FALSE
	EndGlobalSection
	GlobalSection(ExtensibilityGlobals) = postSolution
		SolutionGuid = {D2C54AA3-5C29-4254-8E92-69717F438E49}
	EndGlobalSection
EndGlobal
